
Microsoft Visual Studio Solution File, Format Version 12.00
Project("{FAE04EC0-301F-11D3-BF4B-00C04F79EFBC}") = "Problems", "Problems\Problems.csproj", "{B2461A6B-E86B-43DC-8EC2-2143F1EC8115}"
EndProject
Project("{FAE04EC0-301F-11D3-BF4B-00C04F79EFBC}") = "Tests", "Tests\Tests.csproj", "{B20CEFCC-830F-4E34-A2D7-55D774B7ADE2}"
EndProject
Global
	GlobalSection(SolutionConfigurationPlatforms) = preSolution
		Debug|Any CPU = Debug|Any CPU
		Release|Any CPU = Release|Any CPU
	EndGlobalSection
	GlobalSection(ProjectConfigurationPlatforms) = postSolution
		{B2461A6B-E86B-43DC-8EC2-2143F1EC8115}.Debug|Any CPU.ActiveCfg = Debug|Any CPU
		{B2461A6B-E86B-43DC-8EC2-2143F1EC8115}.Debug|Any CPU.Build.0 = Debug|Any CPU
		{B2461A6B-E86B-43DC-8EC2-2143F1EC8115}.Release|Any CPU.ActiveCfg = Release|Any CPU
		{B2461A6B-E86B-43DC-8EC2-2143F1EC8115}.Release|Any CPU.Build.0 = Release|Any CPU
		{B20CEFCC-830F-4E34-A2D7-55D774B7ADE2}.Debug|Any CPU.ActiveCfg = Debug|Any CPU
		{B20CEFCC-830F-4E34-A2D7-55D774B7ADE2}.Debug|Any CPU.Build.0 = Debug|Any CPU
		{B20CEFCC-830F-4E34-A2D7-55D774B7ADE2}.Release|Any CPU.ActiveCfg = Release|Any CPU
		{B20CEFCC-830F-4E34-A2D7-55D774B7ADE2}.Release|Any CPU.Build.0 = Release|Any CPU
	EndGlobalSection
EndGlobal
